// !$*UTF8*$!
{
	archiveVersion = 1;
	classes = {
	};
	objectVersion = 46;
	objects = {

/* Begin PBXBuildFile section */
		5D2B05E604C2D5E345E9441A /* libPods-侧滑.a in Frameworks */ = {isa = PBXBuildFile; fileRef = 71D623F4CCD4EC3C08E1D4BF /* libPods-侧滑.a */; };
		E84EDC221F29974200A995C3 /* main.m in Sources */ = {isa = PBXBuildFile; fileRef = E84EDC211F29974200A995C3 /* main.m */; };
		E84EDC251F29974200A995C3 /* AppDelegate.m in Sources */ = {isa = PBXBuildFile; fileRef = E84EDC241F29974200A995C3 /* AppDelegate.m */; };
		E84EDC2B1F29974200A995C3 /* Main.storyboard in Resources */ = {isa = PBXBuildFile; fileRef = E84EDC291F29974200A995C3 /* Main.storyboard */; };
		E84EDC2D1F29974200A995C3 /* Assets.xcassets in Resources */ = {isa = PBXBuildFile; fileRef = E84EDC2C1F29974200A995C3 /* Assets.xcassets */; };
		E84EDC301F29974200A995C3 /* LaunchScreen.storyboard in Resources */ = {isa = PBXBuildFile; fileRef = E84EDC2E1F29974200A995C3 /* LaunchScreen.storyboard */; };
		E84EDC5F1F29A69A00A995C3 /* icon_back@2x.png in Resources */ = {isa = PBXBuildFile; fileRef = E84EDC5C1F29A69A00A995C3 /* icon_back@2x.png */; };
		E84EDC601F29A69A00A995C3 /* icon_collect_normal@2x.png in Resources */ = {isa = PBXBuildFile; fileRef = E84EDC5D1F29A69A00A995C3 /* icon_collect_normal@2x.png */; };
		E84EDC611F29A69A00A995C3 /* icon_collect_pressed@2x.png in Resources */ = {isa = PBXBuildFile; fileRef = E84EDC5E1F29A69A00A995C3 /* icon_collect_pressed@2x.png */; };
		E84EDC931F29E12B00A995C3 /* chooser-button-input-highlighted@2x.png in Resources */ = {isa = PBXBuildFile; fileRef = E84EDC831F29E12B00A995C3 /* chooser-button-input-highlighted@2x.png */; };
		E84EDC941F29E12B00A995C3 /* chooser-button-input@2x.png in Resources */ = {isa = PBXBuildFile; fileRef = E84EDC841F29E12B00A995C3 /* chooser-button-input@2x.png */; };
		E84EDC951F29E12B00A995C3 /* chooser-button-tab-highlighted@2x.png in Resources */ = {isa = PBXBuildFile; fileRef = E84EDC851F29E12B00A995C3 /* chooser-button-tab-highlighted@2x.png */; };
		E84EDC961F29E12B00A995C3 /* chooser-button-tab@2x.png in Resources */ = {isa = PBXBuildFile; fileRef = E84EDC861F29E12B00A995C3 /* chooser-button-tab@2x.png */; };
		E84EDC971F29E12B00A995C3 /* chooser-moment-button-highlighted@2x.png in Resources */ = {isa = PBXBuildFile; fileRef = E84EDC871F29E12B00A995C3 /* chooser-moment-button-highlighted@2x.png */; };
		E84EDC981F29E12B00A995C3 /* chooser-moment-button@2x.png in Resources */ = {isa = PBXBuildFile; fileRef = E84EDC881F29E12B00A995C3 /* chooser-moment-button@2x.png */; };
		E84EDC991F29E12B00A995C3 /* chooser-moment-icon-camera-highlighted@2x.png in Resources */ = {isa = PBXBuildFile; fileRef = E84EDC891F29E12B00A995C3 /* chooser-moment-icon-camera-highlighted@2x.png */; };
		E84EDC9A1F29E12B00A995C3 /* chooser-moment-icon-camera@2x.png in Resources */ = {isa = PBXBuildFile; fileRef = E84EDC8A1F29E12B00A995C3 /* chooser-moment-icon-camera@2x.png */; };
		E84EDC9B1F29E12B00A995C3 /* chooser-moment-icon-music-highlighted@2x.png in Resources */ = {isa = PBXBuildFile; fileRef = E84EDC8B1F29E12B00A995C3 /* chooser-moment-icon-music-highlighted@2x.png */; };
		E84EDC9C1F29E12B00A995C3 /* chooser-moment-icon-music@2x.png in Resources */ = {isa = PBXBuildFile; fileRef = E84EDC8C1F29E12B00A995C3 /* chooser-moment-icon-music@2x.png */; };
		E84EDC9D1F29E12B00A995C3 /* chooser-moment-icon-place-highlighted@2x.png in Resources */ = {isa = PBXBuildFile; fileRef = E84EDC8D1F29E12B00A995C3 /* chooser-moment-icon-place-highlighted@2x.png */; };
		E84EDC9E1F29E12B00A995C3 /* chooser-moment-icon-place@2x.png in Resources */ = {isa = PBXBuildFile; fileRef = E84EDC8E1F29E12B00A995C3 /* chooser-moment-icon-place@2x.png */; };
		E84EDC9F1F29E12B00A995C3 /* chooser-moment-icon-sleep-highlighted@2x.png in Resources */ = {isa = PBXBuildFile; fileRef = E84EDC8F1F29E12B00A995C3 /* chooser-moment-icon-sleep-highlighted@2x.png */; };
		E84EDCA01F29E12B00A995C3 /* chooser-moment-icon-sleep@2x.png in Resources */ = {isa = PBXBuildFile; fileRef = E84EDC901F29E12B00A995C3 /* chooser-moment-icon-sleep@2x.png */; };
		E84EDCA11F29E12B00A995C3 /* chooser-moment-icon-thought-highlighted@2x.png in Resources */ = {isa = PBXBuildFile; fileRef = E84EDC911F29E12B00A995C3 /* chooser-moment-icon-thought-highlighted@2x.png */; };
		E84EDCA21F29E12B00A995C3 /* chooser-moment-icon-thought@2x.png in Resources */ = {isa = PBXBuildFile; fileRef = E84EDC921F29E12B00A995C3 /* chooser-moment-icon-thought@2x.png */; };
		E8FBF5561F29E6710085AE6D /* WPBaseViewController.m in Sources */ = {isa = PBXBuildFile; fileRef = E8FBF5531F29E6710085AE6D /* WPBaseViewController.m */; };
		E8FBF5571F29E6710085AE6D /* WPNavigationViewController.m in Sources */ = {isa = PBXBuildFile; fileRef = E8FBF5551F29E6710085AE6D /* WPNavigationViewController.m */; };
		E8FBF5781F29E7270085AE6D /* UIImage+WP.m in Sources */ = {isa = PBXBuildFile; fileRef = E8FBF5661F29E7270085AE6D /* UIImage+WP.m */; };
		E8FBF5791F29E7270085AE6D /* UINavigationController+WP.m in Sources */ = {isa = PBXBuildFile; fileRef = E8FBF5681F29E7270085AE6D /* UINavigationController+WP.m */; };
		E8FBF57A1F29E7270085AE6D /* WPCommon.m in Sources */ = {isa = PBXBuildFile; fileRef = E8FBF56B1F29E7270085AE6D /* WPCommon.m */; };
		E8FBF57B1F29E7270085AE6D /* DCPathButton.m in Sources */ = {isa = PBXBuildFile; fileRef = E8FBF56E1F29E7270085AE6D /* DCPathButton.m */; };
		E8FBF57C1F29E7270085AE6D /* DCPathCenterButton.m in Sources */ = {isa = PBXBuildFile; fileRef = E8FBF5701F29E7270085AE6D /* DCPathCenterButton.m */; };
		E8FBF57D1F29E7270085AE6D /* DCPathItemButton.m in Sources */ = {isa = PBXBuildFile; fileRef = E8FBF5721F29E7270085AE6D /* DCPathItemButton.m */; };
		E8FBF57E1F29E7270085AE6D /* WPFactory.m in Sources */ = {isa = PBXBuildFile; fileRef = E8FBF5751F29E7270085AE6D /* WPFactory.m */; };
		E8FBF57F1F29E7270085AE6D /* WPPathView.m in Sources */ = {isa = PBXBuildFile; fileRef = E8FBF5771F29E7270085AE6D /* WPPathView.m */; };
		E8FBF5891F29E73B0085AE6D /* LeftViewController.m in Sources */ = {isa = PBXBuildFile; fileRef = E8FBF5821F29E73B0085AE6D /* LeftViewController.m */; };
		E8FBF58A1F29E73B0085AE6D /* SecondViewController.m in Sources */ = {isa = PBXBuildFile; fileRef = E8FBF5841F29E73B0085AE6D /* SecondViewController.m */; };
		E8FBF58B1F29E73B0085AE6D /* ThreeViewController.m in Sources */ = {isa = PBXBuildFile; fileRef = E8FBF5861F29E73B0085AE6D /* ThreeViewController.m */; };
		E8FBF58C1F29E73B0085AE6D /* WPShowHomeViewController.m in Sources */ = {isa = PBXBuildFile; fileRef = E8FBF5881F29E73B0085AE6D /* WPShowHomeViewController.m */; };
/* End PBXBuildFile section */

/* Begin PBXFileReference section */
		3F652D5F6566C250519ABD98 /* Pods-侧滑.debug.xcconfig */ = {isa = PBXFileReference; includeInIndex = 1; lastKnownFileType = text.xcconfig; name = "Pods-侧滑.debug.xcconfig"; path = "Pods/Target Support Files/Pods-侧滑/Pods-侧滑.debug.xcconfig"; sourceTree = "<group>"; };
		61DAC38169CA917BEE74FAA2 /* Pods-侧滑.release.xcconfig */ = {isa = PBXFileReference; includeInIndex = 1; lastKnownFileType = text.xcconfig; name = "Pods-侧滑.release.xcconfig"; path = "Pods/Target Support Files/Pods-侧滑/Pods-侧滑.release.xcconfig"; sourceTree = "<group>"; };
		71D623F4CCD4EC3C08E1D4BF /* libPods-侧滑.a */ = {isa = PBXFileReference; explicitFileType = archive.ar; includeInIndex = 0; path = "libPods-侧滑.a"; sourceTree = BUILT_PRODUCTS_DIR; };
		E84EDC1D1F29974200A995C3 /* 侧滑.app */ = {isa = PBXFileReference; explicitFileType = wrapper.application; includeInIndex = 0; path = "侧滑.app"; sourceTree = BUILT_PRODUCTS_DIR; };
		E84EDC211F29974200A995C3 /* main.m */ = {isa = PBXFileReference; lastKnownFileType = sourcecode.c.objc; path = main.m; sourceTree = "<group>"; };
		E84EDC231F29974200A995C3 /* AppDelegate.h */ = {isa = PBXFileReference; lastKnownFileType = sourcecode.c.h; path = AppDelegate.h; sourceTree = "<group>"; };
		E84EDC241F29974200A995C3 /* AppDelegate.m */ = {isa = PBXFileReference; lastKnownFileType = sourcecode.c.objc; path = AppDelegate.m; sourceTree = "<group>"; };
		E84EDC2A1F29974200A995C3 /* Base */ = {isa = PBXFileReference; lastKnownFileType = file.storyboard; name = Base; path = Base.lproj/Main.storyboard; sourceTree = "<group>"; };
		E84EDC2C1F29974200A995C3 /* Assets.xcassets */ = {isa = PBXFileReference; lastKnownFileType = folder.assetcatalog; path = Assets.xcassets; sourceTree = "<group>"; };
		E84EDC2F1F29974200A995C3 /* Base */ = {isa = PBXFileReference; lastKnownFileType = file.storyboard; name = Base; path = Base.lproj/LaunchScreen.storyboard; sourceTree = "<group>"; };
		E84EDC311F29974200A995C3 /* Info.plist */ = {isa = PBXFileReference; lastKnownFileType = text.plist.xml; path = Info.plist; sourceTree = "<group>"; };
		E84EDC5C1F29A69A00A995C3 /* icon_back@2x.png */ = {isa = PBXFileReference; lastKnownFileType = image.png; path = "icon_back@2x.png"; sourceTree = "<group>"; };
		E84EDC5D1F29A69A00A995C3 /* icon_collect_normal@2x.png */ = {isa = PBXFileReference; lastKnownFileType = image.png; path = "icon_collect_normal@2x.png"; sourceTree = "<group>"; };
		E84EDC5E1F29A69A00A995C3 /* icon_collect_pressed@2x.png */ = {isa = PBXFileReference; lastKnownFileType = image.png; path = "icon_collect_pressed@2x.png"; sourceTree = "<group>"; };
		E84EDC831F29E12B00A995C3 /* chooser-button-input-highlighted@2x.png */ = {isa = PBXFileReference; lastKnownFileType = image.png; path = "chooser-button-input-highlighted@2x.png"; sourceTree = "<group>"; };
		E84EDC841F29E12B00A995C3 /* chooser-button-input@2x.png */ = {isa = PBXFileReference; lastKnownFileType = image.png; path = "chooser-button-input@2x.png"; sourceTree = "<group>"; };
		E84EDC851F29E12B00A995C3 /* chooser-button-tab-highlighted@2x.png */ = {isa = PBXFileReference; lastKnownFileType = image.png; path = "chooser-button-tab-highlighted@2x.png"; sourceTree = "<group>"; };
		E84EDC861F29E12B00A995C3 /* chooser-button-tab@2x.png */ = {isa = PBXFileReference; lastKnownFileType = image.png; path = "chooser-button-tab@2x.png"; sourceTree = "<group>"; };
		E84EDC871F29E12B00A995C3 /* chooser-moment-button-highlighted@2x.png */ = {isa = PBXFileReference; lastKnownFileType = image.png; path = "chooser-moment-button-highlighted@2x.png"; sourceTree = "<group>"; };
		E84EDC881F29E12B00A995C3 /* chooser-moment-button@2x.png */ = {isa = PBXFileReference; lastKnownFileType = image.png; path = "chooser-moment-button@2x.png"; sourceTree = "<group>"; };
		E84EDC891F29E12B00A995C3 /* chooser-moment-icon-camera-highlighted@2x.png */ = {isa = PBXFileReference; lastKnownFileType = image.png; path = "chooser-moment-icon-camera-highlighted@2x.png"; sourceTree = "<group>"; };
		E84EDC8A1F29E12B00A995C3 /* chooser-moment-icon-camera@2x.png */ = {isa = PBXFileReference; lastKnownFileType = image.png; path = "chooser-moment-icon-camera@2x.png"; sourceTree = "<group>"; };
		E84EDC8B1F29E12B00A995C3 /* chooser-moment-icon-music-highlighted@2x.png */ = {isa = PBXFileReference; lastKnownFileType = image.png; path = "chooser-moment-icon-music-highlighted@2x.png"; sourceTree = "<group>"; };
		E84EDC8C1F29E12B00A995C3 /* chooser-moment-icon-music@2x.png */ = {isa = PBXFileReference; lastKnownFileType = image.png; path = "chooser-moment-icon-music@2x.png"; sourceTree = "<group>"; };
		E84EDC8D1F29E12B00A995C3 /* chooser-moment-icon-place-highlighted@2x.png */ = {isa = PBXFileReference; lastKnownFileType = image.png; path = "chooser-moment-icon-place-highlighted@2x.png"; sourceTree = "<group>"; };
		E84EDC8E1F29E12B00A995C3 /* chooser-moment-icon-place@2x.png */ = {isa = PBXFileReference; lastKnownFileType = image.png; path = "chooser-moment-icon-place@2x.png"; sourceTree = "<group>"; };
		E84EDC8F1F29E12B00A995C3 /* chooser-moment-icon-sleep-highlighted@2x.png */ = {isa = PBXFileReference; lastKnownFileType = image.png; path = "chooser-moment-icon-sleep-highlighted@2x.png"; sourceTree = "<group>"; };
		E84EDC901F29E12B00A995C3 /* chooser-moment-icon-sleep@2x.png */ = {isa = PBXFileReference; lastKnownFileType = image.png; path = "chooser-moment-icon-sleep@2x.png"; sourceTree = "<group>"; };
		E84EDC911F29E12B00A995C3 /* chooser-moment-icon-thought-highlighted@2x.png */ = {isa = PBXFileReference; lastKnownFileType = image.png; path = "chooser-moment-icon-thought-highlighted@2x.png"; sourceTree = "<group>"; };
		E84EDC921F29E12B00A995C3 /* chooser-moment-icon-thought@2x.png */ = {isa = PBXFileReference; lastKnownFileType = image.png; path = "chooser-moment-icon-thought@2x.png"; sourceTree = "<group>"; };
		E8FBF5521F29E6710085AE6D /* WPBaseViewController.h */ = {isa = PBXFileReference; fileEncoding = 4; lastKnownFileType = sourcecode.c.h; path = WPBaseViewController.h; sourceTree = "<group>"; };
		E8FBF5531F29E6710085AE6D /* WPBaseViewController.m */ = {isa = PBXFileReference; fileEncoding = 4; lastKnownFileType = sourcecode.c.objc; path = WPBaseViewController.m; sourceTree = "<group>"; };
		E8FBF5541F29E6710085AE6D /* WPNavigationViewController.h */ = {isa = PBXFileReference; fileEncoding = 4; lastKnownFileType = sourcecode.c.h; path = WPNavigationViewController.h; sourceTree = "<group>"; };
		E8FBF5551F29E6710085AE6D /* WPNavigationViewController.m */ = {isa = PBXFileReference; fileEncoding = 4; lastKnownFileType = sourcecode.c.objc; path = WPNavigationViewController.m; sourceTree = "<group>"; };
		E8FBF5651F29E7270085AE6D /* UIImage+WP.h */ = {isa = PBXFileReference; fileEncoding = 4; lastKnownFileType = sourcecode.c.h; path = "UIImage+WP.h"; sourceTree = "<group>"; };
		E8FBF5661F29E7270085AE6D /* UIImage+WP.m */ = {isa = PBXFileReference; fileEncoding = 4; lastKnownFileType = sourcecode.c.objc; path = "UIImage+WP.m"; sourceTree = "<group>"; };
		E8FBF5671F29E7270085AE6D /* UINavigationController+WP.h */ = {isa = PBXFileReference; fileEncoding = 4; lastKnownFileType = sourcecode.c.h; path = "UINavigationController+WP.h"; sourceTree = "<group>"; };
		E8FBF5681F29E7270085AE6D /* UINavigationController+WP.m */ = {isa = PBXFileReference; fileEncoding = 4; lastKnownFileType = sourcecode.c.objc; path = "UINavigationController+WP.m"; sourceTree = "<group>"; };
		E8FBF56A1F29E7270085AE6D /* WPCommon.h */ = {isa = PBXFileReference; fileEncoding = 4; lastKnownFileType = sourcecode.c.h; path = WPCommon.h; sourceTree = "<group>"; };
		E8FBF56B1F29E7270085AE6D /* WPCommon.m */ = {isa = PBXFileReference; fileEncoding = 4; lastKnownFileType = sourcecode.c.objc; path = WPCommon.m; sourceTree = "<group>"; };
		E8FBF56D1F29E7270085AE6D /* DCPathButton.h */ = {isa = PBXFileReference; fileEncoding = 4; lastKnownFileType = sourcecode.c.h; path = DCPathButton.h; sourceTree = "<group>"; };
		E8FBF56E1F29E7270085AE6D /* DCPathButton.m */ = {isa = PBXFileReference; fileEncoding = 4; lastKnownFileType = sourcecode.c.objc; path = DCPathButton.m; sourceTree = "<group>"; };
		E8FBF56F1F29E7270085AE6D /* DCPathCenterButton.h */ = {isa = PBXFileReference; fileEncoding = 4; lastKnownFileType = sourcecode.c.h; path = DCPathCenterButton.h; sourceTree = "<group>"; };
		E8FBF5701F29E7270085AE6D /* DCPathCenterButton.m */ = {isa = PBXFileReference; fileEncoding = 4; lastKnownFileType = sourcecode.c.objc; path = DCPathCenterButton.m; sourceTree = "<group>"; };
		E8FBF5711F29E7270085AE6D /* DCPathItemButton.h */ = {isa = PBXFileReference; fileEncoding = 4; lastKnownFileType = sourcecode.c.h; path = DCPathItemButton.h; sourceTree = "<group>"; };
		E8FBF5721F29E7270085AE6D /* DCPathItemButton.m */ = {isa = PBXFileReference; fileEncoding = 4; lastKnownFileType = sourcecode.c.objc; path = DCPathItemButton.m; sourceTree = "<group>"; };
		E8FBF5741F29E7270085AE6D /* WPFactory.h */ = {isa = PBXFileReference; fileEncoding = 4; lastKnownFileType = sourcecode.c.h; path = WPFactory.h; sourceTree = "<group>"; };
		E8FBF5751F29E7270085AE6D /* WPFactory.m */ = {isa = PBXFileReference; fileEncoding = 4; lastKnownFileType = sourcecode.c.objc; path = WPFactory.m; sourceTree = "<group>"; };
		E8FBF5761F29E7270085AE6D /* WPPathView.h */ = {isa = PBXFileReference; fileEncoding = 4; lastKnownFileType = sourcecode.c.h; path = WPPathView.h; sourceTree = "<group>"; };
		E8FBF5771F29E7270085AE6D /* WPPathView.m */ = {isa = PBXFileReference; fileEncoding = 4; lastKnownFileType = sourcecode.c.objc; path = WPPathView.m; sourceTree = "<group>"; };
		E8FBF5811F29E73B0085AE6D /* LeftViewController.h */ = {isa = PBXFileReference; fileEncoding = 4; lastKnownFileType = sourcecode.c.h; path = LeftViewController.h; sourceTree = "<group>"; };
		E8FBF5821F29E73B0085AE6D /* LeftViewController.m */ = {isa = PBXFileReference; fileEncoding = 4; lastKnownFileType = sourcecode.c.objc; path = LeftViewController.m; sourceTree = "<group>"; };
		E8FBF5831F29E73B0085AE6D /* SecondViewController.h */ = {isa = PBXFileReference; fileEncoding = 4; lastKnownFileType = sourcecode.c.h; path = SecondViewController.h; sourceTree = "<group>"; };
		E8FBF5841F29E73B0085AE6D /* SecondViewController.m */ = {isa = PBXFileReference; fileEncoding = 4; lastKnownFileType = sourcecode.c.objc; path = SecondViewController.m; sourceTree = "<group>"; };
		E8FBF5851F29E73B0085AE6D /* ThreeViewController.h */ = {isa = PBXFileReference; fileEncoding = 4; lastKnownFileType = sourcecode.c.h; path = ThreeViewController.h; sourceTree = "<group>"; };
		E8FBF5861F29E73B0085AE6D /* ThreeViewController.m */ = {isa = PBXFileReference; fileEncoding = 4; lastKnownFileType = sourcecode.c.objc; path = ThreeViewController.m; sourceTree = "<group>"; };
		E8FBF5871F29E73B0085AE6D /* WPShowHomeViewController.h */ = {isa = PBXFileReference; fileEncoding = 4; lastKnownFileType = sourcecode.c.h; path = WPShowHomeViewController.h; sourceTree = "<group>"; };
		E8FBF5881F29E73B0085AE6D /* WPShowHomeViewController.m */ = {isa = PBXFileReference; fileEncoding = 4; lastKnownFileType = sourcecode.c.objc; path = WPShowHomeViewController.m; sourceTree = "<group>"; };
/* End PBXFileReference section */

/* Begin PBXFrameworksBuildPhase section */
		E84EDC1A1F29974200A995C3 /* Frameworks */ = {
			isa = PBXFrameworksBuildPhase;
			buildActionMask = 2147483647;
			files = (
				5D2B05E604C2D5E345E9441A /* libPods-侧滑.a in Frameworks */,
			);
			runOnlyForDeploymentPostprocessing = 0;
		};
/* End PBXFrameworksBuildPhase section */

/* Begin PBXGroup section */
		7CA33C212F9E2BDFFC0979F0 /* Frameworks */ = {
			isa = PBXGroup;
			children = (
				71D623F4CCD4EC3C08E1D4BF /* libPods-侧滑.a */,
			);
			name = Frameworks;
			sourceTree = "<group>";
		};
		9121F80FF2C3C572A3E61C26 /* Pods */ = {
			isa = PBXGroup;
			children = (
				3F652D5F6566C250519ABD98 /* Pods-侧滑.debug.xcconfig */,
				61DAC38169CA917BEE74FAA2 /* Pods-侧滑.release.xcconfig */,
			);
			name = Pods;
			sourceTree = "<group>";
		};
		E84EDC141F29974200A995C3 = {
			isa = PBXGroup;
			children = (
				E84EDC1F1F29974200A995C3 /* 侧滑 */,
				E84EDC5B1F29A69A00A995C3 /* ImageSource */,
				E84EDC1E1F29974200A995C3 /* Products */,
				9121F80FF2C3C572A3E61C26 /* Pods */,
				7CA33C212F9E2BDFFC0979F0 /* Frameworks */,
			);
			sourceTree = "<group>";
		};
		E84EDC1E1F29974200A995C3 /* Products */ = {
			isa = PBXGroup;
			children = (
				E84EDC1D1F29974200A995C3 /* 侧滑.app */,
			);
			name = Products;
			sourceTree = "<group>";
		};
		E84EDC1F1F29974200A995C3 /* 侧滑 */ = {
			isa = PBXGroup;
			children = (
				E8FBF5801F29E73B0085AE6D /* ShowHomeVC */,
				E8FBF5511F29E6710085AE6D /* BaseViewController */,
				E8FBF5631F29E7270085AE6D /* WPVender */,
				E84EDC231F29974200A995C3 /* AppDelegate.h */,
				E84EDC241F29974200A995C3 /* AppDelegate.m */,
				E84EDC291F29974200A995C3 /* Main.storyboard */,
				E84EDC2C1F29974200A995C3 /* Assets.xcassets */,
				E84EDC2E1F29974200A995C3 /* LaunchScreen.storyboard */,
				E84EDC311F29974200A995C3 /* Info.plist */,
				E84EDC201F29974200A995C3 /* Supporting Files */,
			);
			path = "侧滑";
			sourceTree = "<group>";
		};
		E84EDC201F29974200A995C3 /* Supporting Files */ = {
			isa = PBXGroup;
			children = (
				E84EDC211F29974200A995C3 /* main.m */,
			);
			name = "Supporting Files";
			sourceTree = "<group>";
		};
		E84EDC5B1F29A69A00A995C3 /* ImageSource */ = {
			isa = PBXGroup;
			children = (
				E84EDC831F29E12B00A995C3 /* chooser-button-input-highlighted@2x.png */,
				E84EDC841F29E12B00A995C3 /* chooser-button-input@2x.png */,
				E84EDC851F29E12B00A995C3 /* chooser-button-tab-highlighted@2x.png */,
				E84EDC861F29E12B00A995C3 /* chooser-button-tab@2x.png */,
				E84EDC871F29E12B00A995C3 /* chooser-moment-button-highlighted@2x.png */,
				E84EDC881F29E12B00A995C3 /* chooser-moment-button@2x.png */,
				E84EDC891F29E12B00A995C3 /* chooser-moment-icon-camera-highlighted@2x.png */,
				E84EDC8A1F29E12B00A995C3 /* chooser-moment-icon-camera@2x.png */,
				E84EDC8B1F29E12B00A995C3 /* chooser-moment-icon-music-highlighted@2x.png */,
				E84EDC8C1F29E12B00A995C3 /* chooser-moment-icon-music@2x.png */,
				E84EDC8D1F29E12B00A995C3 /* chooser-moment-icon-place-highlighted@2x.png */,
				E84EDC8E1F29E12B00A995C3 /* chooser-moment-icon-place@2x.png */,
				E84EDC8F1F29E12B00A995C3 /* chooser-moment-icon-sleep-highlighted@2x.png */,
				E84EDC901F29E12B00A995C3 /* chooser-moment-icon-sleep@2x.png */,
				E84EDC911F29E12B00A995C3 /* chooser-moment-icon-thought-highlighted@2x.png */,
				E84EDC921F29E12B00A995C3 /* chooser-moment-icon-thought@2x.png */,
				E84EDC5C1F29A69A00A995C3 /* icon_back@2x.png */,
				E84EDC5D1F29A69A00A995C3 /* icon_collect_normal@2x.png */,
				E84EDC5E1F29A69A00A995C3 /* icon_collect_pressed@2x.png */,
			);
			name = ImageSource;
			path = "侧滑/ImageSource";
			sourceTree = "<group>";
		};
		E8FBF5511F29E6710085AE6D /* BaseViewController */ = {
			isa = PBXGroup;
			children = (
				E8FBF5521F29E6710085AE6D /* WPBaseViewController.h */,
				E8FBF5531F29E6710085AE6D /* WPBaseViewController.m */,
				E8FBF5541F29E6710085AE6D /* WPNavigationViewController.h */,
				E8FBF5551F29E6710085AE6D /* WPNavigationViewController.m */,
			);
			path = BaseViewController;
			sourceTree = "<group>";
		};
		E8FBF5631F29E7270085AE6D /* WPVender */ = {
			isa = PBXGroup;
			children = (
				E8FBF5641F29E7270085AE6D /* Category */,
				E8FBF5691F29E7270085AE6D /* CommonModel */,
				E8FBF56C1F29E7270085AE6D /* DCPathButton */,
				E8FBF5731F29E7270085AE6D /* UtileFactory */,
			);
			path = WPVender;
			sourceTree = "<group>";
		};
		E8FBF5641F29E7270085AE6D /* Category */ = {
			isa = PBXGroup;
			children = (
				E8FBF5651F29E7270085AE6D /* UIImage+WP.h */,
				E8FBF5661F29E7270085AE6D /* UIImage+WP.m */,
				E8FBF5671F29E7270085AE6D /* UINavigationController+WP.h */,
				E8FBF5681F29E7270085AE6D /* UINavigationController+WP.m */,
			);
			path = Category;
			sourceTree = "<group>";
		};
		E8FBF5691F29E7270085AE6D /* CommonModel */ = {
			isa = PBXGroup;
			children = (
				E8FBF56A1F29E7270085AE6D /* WPCommon.h */,
				E8FBF56B1F29E7270085AE6D /* WPCommon.m */,
			);
			path = CommonModel;
			sourceTree = "<group>";
		};
		E8FBF56C1F29E7270085AE6D /* DCPathButton */ = {
			isa = PBXGroup;
			children = (
				E8FBF56D1F29E7270085AE6D /* DCPathButton.h */,
				E8FBF56E1F29E7270085AE6D /* DCPathButton.m */,
				E8FBF56F1F29E7270085AE6D /* DCPathCenterButton.h */,
				E8FBF5701F29E7270085AE6D /* DCPathCenterButton.m */,
				E8FBF5711F29E7270085AE6D /* DCPathItemButton.h */,
				E8FBF5721F29E7270085AE6D /* DCPathItemButton.m */,
			);
			path = DCPathButton;
			sourceTree = "<group>";
		};
		E8FBF5731F29E7270085AE6D /* UtileFactory */ = {
			isa = PBXGroup;
			children = (
				E8FBF5741F29E7270085AE6D /* WPFactory.h */,
				E8FBF5751F29E7270085AE6D /* WPFactory.m */,
				E8FBF5761F29E7270085AE6D /* WPPathView.h */,
				E8FBF5771F29E7270085AE6D /* WPPathView.m */,
			);
			path = UtileFactory;
			sourceTree = "<group>";
		};
		E8FBF5801F29E73B0085AE6D /* ShowHomeVC */ = {
			isa = PBXGroup;
			children = (
				E8FBF5811F29E73B0085AE6D /* LeftViewController.h */,
				E8FBF5821F29E73B0085AE6D /* LeftViewController.m */,
				E8FBF5831F29E73B0085AE6D /* SecondViewController.h */,
				E8FBF5841F29E73B0085AE6D /* SecondViewController.m */,
				E8FBF5851F29E73B0085AE6D /* ThreeViewController.h */,
				E8FBF5861F29E73B0085AE6D /* ThreeViewController.m */,
				E8FBF5871F29E73B0085AE6D /* WPShowHomeViewController.h */,
				E8FBF5881F29E73B0085AE6D /* WPShowHomeViewController.m */,
			);
			path = ShowHomeVC;
			sourceTree = "<group>";
		};
/* End PBXGroup section */

/* Begin PBXNativeTarget section */
		E84EDC1C1F29974200A995C3 /* 侧滑 */ = {
			isa = PBXNativeTarget;
			buildConfigurationList = E84EDC341F29974200A995C3 /* Build configuration list for PBXNativeTarget "侧滑" */;
			buildPhases = (
				E884BA03C1015D774B97E619 /* [CP] Check Pods Manifest.lock */,
				E84EDC191F29974200A995C3 /* Sources */,
				E84EDC1A1F29974200A995C3 /* Frameworks */,
				E84EDC1B1F29974200A995C3 /* Resources */,
				89D8422AC4D0BDEBC542534F /* [CP] Embed Pods Frameworks */,
				C3160E144BE7EF933BF6505B /* [CP] Copy Pods Resources */,
			);
			buildRules = (
			);
			dependencies = (
			);
			name = "侧滑";
			productName = "侧滑";
			productReference = E84EDC1D1F29974200A995C3 /* 侧滑.app */;
			productType = "com.apple.product-type.application";
		};
/* End PBXNativeTarget section */

/* Begin PBXProject section */
		E84EDC151F29974200A995C3 /* Project object */ = {
			isa = PBXProject;
			attributes = {
				LastUpgradeCheck = 0830;
				ORGANIZATIONNAME = wwp;
				TargetAttributes = {
					E84EDC1C1F29974200A995C3 = {
						CreatedOnToolsVersion = 8.3.3;
						ProvisioningStyle = Automatic;
					};
				};
			};
			buildConfigurationList = E84EDC181F29974200A995C3 /* Build configuration list for PBXProject "侧滑" */;
			compatibilityVersion = "Xcode 3.2";
			developmentRegion = English;
			hasScannedForEncodings = 0;
			knownRegions = (
				en,
				Base,
			);
			mainGroup = E84EDC141F29974200A995C3;
			productRefGroup = E84EDC1E1F29974200A995C3 /* Products */;
			projectDirPath = "";
			projectRoot = "";
			targets = (
				E84EDC1C1F29974200A995C3 /* 侧滑 */,
			);
		};
/* End PBXProject section */

/* Begin PBXResourcesBuildPhase section */
		E84EDC1B1F29974200A995C3 /* Resources */ = {
			isa = PBXResourcesBuildPhase;
			buildActionMask = 2147483647;
			files = (
				E84EDC951F29E12B00A995C3 /* chooser-button-tab-highlighted@2x.png in Resources */,
				E84EDC301F29974200A995C3 /* LaunchScreen.storyboard in Resources */,
				E84EDC9C1F29E12B00A995C3 /* chooser-moment-icon-music@2x.png in Resources */,
				E84EDC991F29E12B00A995C3 /* chooser-moment-icon-camera-highlighted@2x.png in Resources */,
				E84EDC9F1F29E12B00A995C3 /* chooser-moment-icon-sleep-highlighted@2x.png in Resources */,
				E84EDC9B1F29E12B00A995C3 /* chooser-moment-icon-music-highlighted@2x.png in Resources */,
				E84EDCA01F29E12B00A995C3 /* chooser-moment-icon-sleep@2x.png in Resources */,
				E84EDC941F29E12B00A995C3 /* chooser-button-input@2x.png in Resources */,
				E84EDC9A1F29E12B00A995C3 /* chooser-moment-icon-camera@2x.png in Resources */,
				E84EDC9D1F29E12B00A995C3 /* chooser-moment-icon-place-highlighted@2x.png in Resources */,
				E84EDC2D1F29974200A995C3 /* Assets.xcassets in Resources */,
				E84EDC5F1F29A69A00A995C3 /* icon_back@2x.png in Resources */,
				E84EDC611F29A69A00A995C3 /* icon_collect_pressed@2x.png in Resources */,
				E84EDCA11F29E12B00A995C3 /* chooser-moment-icon-thought-highlighted@2x.png in Resources */,
				E84EDC981F29E12B00A995C3 /* chooser-moment-button@2x.png in Resources */,
				E84EDC9E1F29E12B00A995C3 /* chooser-moment-icon-place@2x.png in Resources */,
				E84EDC601F29A69A00A995C3 /* icon_collect_normal@2x.png in Resources */,
				E84EDC2B1F29974200A995C3 /* Main.storyboard in Resources */,
				E84EDC961F29E12B00A995C3 /* chooser-button-tab@2x.png in Resources */,
				E84EDC971F29E12B00A995C3 /* chooser-moment-button-highlighted@2x.png in Resources */,
				E84EDC931F29E12B00A995C3 /* chooser-button-input-highlighted@2x.png in Resources */,
				E84EDCA21F29E12B00A995C3 /* chooser-moment-icon-thought@2x.png in Resources */,
			);
			runOnlyForDeploymentPostprocessing = 0;
		};
/* End PBXResourcesBuildPhase section */

/* Begin PBXShellScriptBuildPhase section */
		89D8422AC4D0BDEBC542534F /* [CP] Embed Pods Frameworks */ = {
			isa = PBXShellScriptBuildPhase;
			buildActionMask = 2147483647;
			files = (
			);
			inputPaths = (
			);
			name = "[CP] Embed Pods Frameworks";
			outputPaths = (
			);
			runOnlyForDeploymentPostprocessing = 0;
			shellPath = /bin/sh;
			shellScript = "\"${SRCROOT}/Pods/Target Support Files/Pods-侧滑/Pods-侧滑-frameworks.sh\"\n";
			showEnvVarsInLog = 0;
		};
		C3160E144BE7EF933BF6505B /* [CP] Copy Pods Resources */ = {
			isa = PBXShellScriptBuildPhase;
			buildActionMask = 2147483647;
			files = (
			);
			inputPaths = (
			);
			name = "[CP] Copy Pods Resources";
			outputPaths = (
			);
			runOnlyForDeploymentPostprocessing = 0;
			shellPath = /bin/sh;
			shellScript = "\"${SRCROOT}/Pods/Target Support Files/Pods-侧滑/Pods-侧滑-resources.sh\"\n";
			showEnvVarsInLog = 0;
		};
		E884BA03C1015D774B97E619 /* [CP] Check Pods Manifest.lock */ = {
			isa = PBXShellScriptBuildPhase;
			buildActionMask = 2147483647;
			files = (
			);
			inputPaths = (
			);
			name = "[CP] Check Pods Manifest.lock";
			outputPaths = (
			);
			runOnlyForDeploymentPostprocessing = 0;
			shellPath = /bin/sh;
			shellScript = "diff \"${PODS_ROOT}/../Podfile.lock\" \"${PODS_ROOT}/Manifest.lock\" > /dev/null\nif [ $? != 0 ] ; then\n    # print error to STDERR\n    echo \"error: The sandbox is not in sync with the Podfile.lock. Run 'pod install' or update your CocoaPods installation.\" >&2\n    exit 1\nfi\n";
			showEnvVarsInLog = 0;
		};
/* End PBXShellScriptBuildPhase section */

/* Begin PBXSourcesBuildPhase section */
		E84EDC191F29974200A995C3 /* Sources */ = {
			isa = PBXSourcesBuildPhase;
			buildActionMask = 2147483647;
			files = (
				E8FBF57D1F29E7270085AE6D /* DCPathItemButton.m in Sources */,
				E8FBF5791F29E7270085AE6D /* UINavigationController+WP.m in Sources */,
				E8FBF57E1F29E7270085AE6D /* WPFactory.m in Sources */,
				E8FBF5571F29E6710085AE6D /* WPNavigationViewController.m in Sources */,
				E8FBF57A1F29E7270085AE6D /* WPCommon.m in Sources */,
				E8FBF58C1F29E73B0085AE6D /* WPShowHomeViewController.m in Sources */,
				E8FBF57F1F29E7270085AE6D /* WPPathView.m in Sources */,
				E8FBF5561F29E6710085AE6D /* WPBaseViewController.m in Sources */,
				E84EDC251F29974200A995C3 /* AppDelegate.m in Sources */,
				E8FBF5781F29E7270085AE6D /* UIImage+WP.m in Sources */,
				E8FBF58B1F29E73B0085AE6D /* ThreeViewController.m in Sources */,
				E8FBF57C1F29E7270085AE6D /* DCPathCenterButton.m in Sources */,
				E8FBF58A1F29E73B0085AE6D /* SecondViewController.m in Sources */,
				E8FBF57B1F29E7270085AE6D /* DCPathButton.m in Sources */,
				E8FBF5891F29E73B0085AE6D /* LeftViewController.m in Sources */,
				E84EDC221F29974200A995C3 /* main.m in Sources */,
			);
			runOnlyForDeploymentPostprocessing = 0;
		};
/* End PBXSourcesBuildPhase section */

/* Begin PBXVariantGroup section */
		E84EDC291F29974200A995C3 /* Main.storyboard */ = {
			isa = PBXVariantGroup;
			children = (
				E84EDC2A1F29974200A995C3 /* Base */,
			);
			name = Main.storyboard;
			sourceTree = "<group>";
		};
		E84EDC2E1F29974200A995C3 /* LaunchScreen.storyboard */ = {
			isa = PBXVariantGroup;
			children = (
				E84EDC2F1F29974200A995C3 /* Base */,
			);
			name = LaunchScreen.storyboard;
			sourceTree = "<group>";
		};
/* End PBXVariantGroup section */

/* Begin XCBuildConfiguration section */
		E84EDC321F29974200A995C3 /* Debug */ = {
			isa = XCBuildConfiguration;
			buildSettings = {
				ALWAYS_SEARCH_USER_PATHS = NO;
				CLANG_ANALYZER_NONNULL = YES;
				CLANG_ANALYZER_NUMBER_OBJECT_CONVERSION = YES_AGGRESSIVE;
				CLANG_CXX_LANGUAGE_STANDARD = "gnu++0x";
				CLANG_CXX_LIBRARY = "libc++";
				CLANG_ENABLE_MODULES = YES;
				CLANG_ENABLE_OBJC_ARC = YES;
				CLANG_WARN_BOOL_CONVERSION = YES;
				CLANG_WARN_CONSTANT_CONVERSION = YES;
				CLANG_WARN_DIRECT_OBJC_ISA_USAGE = YES_ERROR;
				CLANG_WARN_DOCUMENTATION_COMMENTS = YES;
				CLANG_WARN_EMPTY_BODY = YES;
				CLANG_WARN_ENUM_CONVERSION = YES;
				CLANG_WARN_INFINITE_RECURSION = YES;
				CLANG_WARN_INT_CONVERSION = YES;
				CLANG_WARN_OBJC_ROOT_CLASS = YES_ERROR;
				CLANG_WARN_SUSPICIOUS_MOVE = YES;
				CLANG_WARN_UNREACHABLE_CODE = YES;
				CLANG_WARN__DUPLICATE_METHOD_MATCH = YES;
				"CODE_SIGN_IDENTITY[sdk=iphoneos*]" = "iPhone Developer";
				COPY_PHASE_STRIP = NO;
				DEBUG_INFORMATION_FORMAT = dwarf;
				ENABLE_STRICT_OBJC_MSGSEND = YES;
				ENABLE_TESTABILITY = YES;
				GCC_C_LANGUAGE_STANDARD = gnu99;
				GCC_DYNAMIC_NO_PIC = NO;
				GCC_NO_COMMON_BLOCKS = YES;
				GCC_OPTIMIZATION_LEVEL = 0;
				GCC_PREPROCESSOR_DEFINITIONS = (
					"DEBUG=1",
					"$(inherited)",
				);
				GCC_WARN_64_TO_32_BIT_CONVERSION = YES;
				GCC_WARN_ABOUT_RETURN_TYPE = YES_ERROR;
				GCC_WARN_UNDECLARED_SELECTOR = YES;
				GCC_WARN_UNINITIALIZED_AUTOS = YES_AGGRESSIVE;
				GCC_WARN_UNUSED_FUNCTION = YES;
				GCC_WARN_UNUSED_VARIABLE = YES;
				IPHONEOS_DEPLOYMENT_TARGET = 10.3;
				MTL_ENABLE_DEBUG_INFO = YES;
				ONLY_ACTIVE_ARCH = YES;
				SDKROOT = iphoneos;
			};
			name = Debug;
		};
		E84EDC331F29974200A995C3 /* Release */ = {
			isa = XCBuildConfiguration;
			buildSettings = {
				ALWAYS_SEARCH_USER_PATHS = NO;
				CLANG_ANALYZER_NONNULL = YES;
				CLANG_ANALYZER_NUMBER_OBJECT_CONVERSION = YES_AGGRESSIVE;
				CLANG_CXX_LANGUAGE_STANDARD = "gnu++0x";
				CLANG_CXX_LIBRARY = "libc++";
				CLANG_ENABLE_MODULES = YES;
				CLANG_ENABLE_OBJC_ARC = YES;
				CLANG_WARN_BOOL_CONVERSION = YES;
				CLANG_WARN_CONSTANT_CONVERSION = YES;
				CLANG_WARN_DIRECT_OBJC_ISA_USAGE = YES_ERROR;
				CLANG_WARN_DOCUMENTATION_COMMENTS = YES;
				CLANG_WARN_EMPTY_BODY = YES;
				CLANG_WARN_ENUM_CONVERSION = YES;
				CLANG_WARN_INFINITE_RECURSION = YES;
				CLANG_WARN_INT_CONVERSION = YES;
				CLANG_WARN_OBJC_ROOT_CLASS = YES_ERROR;
				CLANG_WARN_SUSPICIOUS_MOVE = YES;
				CLANG_WARN_UNREACHABLE_CODE = YES;
				CLANG_WARN__DUPLICATE_METHOD_MATCH = YES;
				"CODE_SIGN_IDENTITY[sdk=iphoneos*]" = "iPhone Developer";
				COPY_PHASE_STRIP = NO;
				DEBUG_INFORMATION_FORMAT = "dwarf-with-dsym";
				ENABLE_NS_ASSERTIONS = NO;
				ENABLE_STRICT_OBJC_MSGSEND = YES;
				GCC_C_LANGUAGE_STANDARD = gnu99;
				GCC_NO_COMMON_BLOCKS = YES;
				GCC_WARN_64_TO_32_BIT_CONVERSION = YES;
				GCC_WARN_ABOUT_RETURN_TYPE = YES_ERROR;
				GCC_WARN_UNDECLARED_SELECTOR = YES;
				GCC_WARN_UNINITIALIZED_AUTOS = YES_AGGRESSIVE;
				GCC_WARN_UNUSED_FUNCTION = YES;
				GCC_WARN_UNUSED_VARIABLE = YES;
				IPHONEOS_DEPLOYMENT_TARGET = 10.3;
				MTL_ENABLE_DEBUG_INFO = NO;
				SDKROOT = iphoneos;
				VALIDATE_PRODUCT = YES;
			};
			name = Release;
		};
		E84EDC351F29974200A995C3 /* Debug */ = {
			isa = XCBuildConfiguration;
			baseConfigurationReference = 3F652D5F6566C250519ABD98 /* Pods-侧滑.debug.xcconfig */;
			buildSettings = {
				ASSETCATALOG_COMPILER_APPICON_NAME = AppIcon;
				INFOPLIST_FILE = "侧滑/Info.plist";
				LD_RUNPATH_SEARCH_PATHS = "$(inherited) @executable_path/Frameworks";
				PRODUCT_BUNDLE_IDENTIFIER = "com.hywin.--";
				PRODUCT_NAME = "$(TARGET_NAME)";
			};
			name = Debug;
		};
		E84EDC361F29974200A995C3 /* Release */ = {
			isa = XCBuildConfiguration;
			baseConfigurationReference = 61DAC38169CA917BEE74FAA2 /* Pods-侧滑.release.xcconfig */;
			buildSettings = {
				ASSETCATALOG_COMPILER_APPICON_NAME = AppIcon;
				INFOPLIST_FILE = "侧滑/Info.plist";
				LD_RUNPATH_SEARCH_PATHS = "$(inherited) @executable_path/Frameworks";
				PRODUCT_BUNDLE_IDENTIFIER = "com.hywin.--";
				PRODUCT_NAME = "$(TARGET_NAME)";
			};
			name = Release;
		};
/* End XCBuildConfiguration section */

/* Begin XCConfigurationList section */
		E84EDC181F29974200A995C3 /* Build configuration list for PBXProject "侧滑" */ = {
			isa = XCConfigurationList;
			buildConfigurations = (
				E84EDC321F29974200A995C3 /* Debug */,
				E84EDC331F29974200A995C3 /* Release */,
			);
			defaultConfigurationIsVisible = 0;
			defaultConfigurationName = Release;
		};
		E84EDC341F29974200A995C3 /* Build configuration list for PBXNativeTarget "侧滑" */ = {
			isa = XCConfigurationList;
			buildConfigurations = (
				E84EDC351F29974200A995C3 /* Debug */,
				E84EDC361F29974200A995C3 /* Release */,
			);
			defaultConfigurationIsVisible = 0;
			defaultConfigurationName = Release;
		};
/* End XCConfigurationList section */
	};
	rootObject = E84EDC151F29974200A995C3 /* Project object */;
}
